
Microsoft Visual Studio Solution File, Format Version 12.00
# Visual Studio Version 16
VisualStudioVersion = 16.0.31515.178
MinimumVisualStudioVersion = 10.0.40219.1
Project("{FAE04EC0-301F-11D3-BF4B-00C04F79EFBC}") = "vkLearn", "vkLearn\vkLearn.csproj", "{231D6AC6-07D2-4EC9-AB8F-A789ECE01161}"
EndProject
Global
	GlobalSection(SolutionConfigurationPlatforms) = preSolution
		Debug|Any CPU = Debug|Any CPU
		Release|Any CPU = Release|Any CPU
	EndGlobalSection
	GlobalSection(ProjectConfigurationPlatforms) = postSolution
		{231D6AC6-07D2-4EC9-AB8F-A789ECE01161}.Debug|Any CPU.ActiveCfg = Debug|Any CPU
		{231D6AC6-07D2-4EC9-AB8F-A789ECE01161}.Debug|Any CPU.Build.0 = Debug|Any CPU
		{231D6AC6-07D2-4EC9-AB8F-A789ECE01161}.Release|Any CPU.ActiveCfg = Release|Any CPU
		{231D6AC6-07D2-4EC9-AB8F-A789ECE01161}.Release|Any CPU.Build.0 = Release|Any CPU
	EndGlobalSection
	GlobalSection(SolutionProperties) = preSolution
		HideSolutionNode = FALSE
	EndGlobalSection
	GlobalSection(ExtensibilityGlobals) = postSolution
		SolutionGuid = {81E51149-BC02-4EE7-8E21-3BB2D53FBFF4}
	EndGlobalSection
EndGlobal
